
Microsoft Visual Studio Solution File, Format Version 12.00
# Visual Studio 15
VisualStudioVersion = 15.0.28307.421
MinimumVisualStudioVersion = 10.0.40219.1
Project("{FAE04EC0-301F-11D3-BF4B-00C04F79EFBC}") = "BestERnow.Android", "BestERnow\BestERnow.Android\BestERnow.Android.csproj", "{FDD642E6-3F1B-44A4-858B-C9E13220301C}"
EndProject
Project("{FAE04EC0-301F-11D3-BF4B-00C04F79EFBC}") = "BestERnow.iOS", "BestERnow\BestERnow.iOS\BestERnow.iOS.csproj", "{2B394C1E-E729-4688-AD6F-D4873653927D}"
EndProject
Project("{FAE04EC0-301F-11D3-BF4B-00C04F79EFBC}") = "BestERnow", "BestERnow\BestERnow\BestERnow.csproj", "{C51A2EA4-88DA-4DFE-929B-A4F01CD83103}"
EndProject
Global
	GlobalSection(SolutionConfigurationPlatforms) = preSolution
		Ad-Hoc|Any CPU = Ad-Hoc|Any CPU
		Ad-Hoc|iPhone = Ad-Hoc|iPhone
		Ad-Hoc|iPhoneSimulator = Ad-Hoc|iPhoneSimulator
		AppStore|Any CPU = AppStore|Any CPU
		AppStore|iPhone = AppStore|iPhone
		AppStore|iPhoneSimulator = AppStore|iPhoneSimulator
		Debug|Any CPU = Debug|Any CPU
		Debug|iPhone = Debug|iPhone
		Debug|iPhoneSimulator = Debug|iPhoneSimulator
		Release|Any CPU = Release|Any CPU
		Release|iPhone = Release|iPhone
		Release|iPhoneSimulator = Release|iPhoneSimulator
	EndGlobalSection
	GlobalSection(ProjectConfigurationPlatforms) = postSolution
		{FDD642E6-3F1B-44A4-858B-C9E13220301C}.Ad-Hoc|Any CPU.ActiveCfg = Release|Any CPU
		{FDD642E6-3F1B-44A4-858B-C9E13220301C}.Ad-Hoc|Any CPU.Build.0 = Release|Any CPU
		{FDD642E6-3F1B-44A4-858B-C9E13220301C}.Ad-Hoc|Any CPU.Deploy.0 = Release|Any CPU
		{FDD642E6-3F1B-44A4-858B-C9E13220301C}.Ad-Hoc|iPhone.ActiveCfg = Release|Any CPU
		{FDD642E6-3F1B-44A4-858B-C9E13220301C}.Ad-Hoc|iPhone.Build.0 = Release|Any CPU
		{FDD642E6-3F1B-44A4-858B-C9E13220301C}.Ad-Hoc|iPhone.Deploy.0 = Release|Any CPU
		{FDD642E6-3F1B-44A4-858B-C9E13220301C}.Ad-Hoc|iPhoneSimulator.ActiveCfg = Release|Any CPU
		{FDD642E6-3F1B-44A4-858B-C9E13220301C}.Ad-Hoc|iPhoneSimulator.Build.0 = Release|Any CPU
		{FDD642E6-3F1B-44A4-858B-C9E13220301C}.Ad-Hoc|iPhoneSimulator.Deploy.0 = Release|Any CPU
		{FDD642E6-3F1B-44A4-858B-C9E13220301C}.AppStore|Any CPU.ActiveCfg = Release|Any CPU
		{FDD642E6-3F1B-44A4-858B-C9E13220301C}.AppStore|Any CPU.Build.0 = Release|Any CPU
		{FDD642E6-3F1B-44A4-858B-C9E13220301C}.AppStore|Any CPU.Deploy.0 = Release|Any CPU
		{FDD642E6-3F1B-44A4-858B-C9E13220301C}.AppStore|iPhone.ActiveCfg = Release|Any CPU
		{FDD642E6-3F1B-44A4-858B-C9E13220301C}.AppStore|iPhone.Build.0 = Release|Any CPU
		{FDD642E6-3F1B-44A4-858B-C9E13220301C}.AppStore|iPhone.Deploy.0 = Release|Any CPU
		{FDD642E6-3F1B-44A4-858B-C9E13220301C}.AppStore|iPhoneSimulator.ActiveCfg = Release|Any CPU
		{FDD642E6-3F1B-44A4-858B-C9E13220301C}.AppStore|iPhoneSimulator.Build.0 = Release|Any CPU
		{FDD642E6-3F1B-44A4-858B-C9E13220301C}.AppStore|iPhoneSimulator.Deploy.0 = Release|Any CPU
		{FDD642E6-3F1B-44A4-858B-C9E13220301C}.Debug|Any CPU.ActiveCfg = Debug|Any CPU
		{FDD642E6-3F1B-44A4-858B-C9E13220301C}.Debug|Any CPU.Build.0 = Debug|Any CPU
		{FDD642E6-3F1B-44A4-858B-C9E13220301C}.Debug|Any CPU.Deploy.0 = Debug|Any CPU
		{FDD642E6-3F1B-44A4-858B-C9E13220301C}.Debug|iPhone.ActiveCfg = Debug|Any CPU
		{FDD642E6-3F1B-44A4-858B-C9E13220301C}.Debug|iPhone.Build.0 = Debug|Any CPU
		{FDD642E6-3F1B-44A4-858B-C9E13220301C}.Debug|iPhone.Deploy.0 = Debug|Any CPU
		{FDD642E6-3F1B-44A4-858B-C9E13220301C}.Debug|iPhoneSimulator.ActiveCfg = Debug|Any CPU
		{FDD642E6-3F1B-44A4-858B-C9E13220301C}.Debug|iPhoneSimulator.Build.0 = Debug|Any CPU
		{FDD642E6-3F1B-44A4-858B-C9E13220301C}.Debug|iPhoneSimulator.Deploy.0 = Debug|Any CPU
		{FDD642E6-3F1B-44A4-858B-C9E13220301C}.Release|Any CPU.ActiveCfg = Release|Any CPU
		{FDD642E6-3F1B-44A4-858B-C9E13220301C}.Release|Any CPU.Build.0 = Release|Any CPU
		{FDD642E6-3F1B-44A4-858B-C9E13220301C}.Release|Any CPU.Deploy.0 = Release|Any CPU
		{FDD642E6-3F1B-44A4-858B-C9E13220301C}.Release|iPhone.ActiveCfg = Release|Any CPU
		{FDD642E6-3F1B-44A4-858B-C9E13220301C}.Release|iPhone.Build.0 = Release|Any CPU
		{FDD642E6-3F1B-44A4-858B-C9E13220301C}.Release|iPhone.Deploy.0 = Release|Any CPU
		{FDD642E6-3F1B-44A4-858B-C9E13220301C}.Release|iPhoneSimulator.ActiveCfg = Release|Any CPU
		{FDD642E6-3F1B-44A4-858B-C9E13220301C}.Release|iPhoneSimulator.Build.0 = Release|Any CPU
		{FDD642E6-3F1B-44A4-858B-C9E13220301C}.Release|iPhoneSimulator.Deploy.0 = Release|Any CPU
		{2B394C1E-E729-4688-AD6F-D4873653927D}.Ad-Hoc|Any CPU.ActiveCfg = Ad-Hoc|iPhone
		{2B394C1E-E729-4688-AD6F-D4873653927D}.Ad-Hoc|Any CPU.Build.0 = Ad-Hoc|iPhone
		{2B394C1E-E729-4688-AD6F-D4873653927D}.Ad-Hoc|Any CPU.Deploy.0 = Ad-Hoc|iPhone
		{2B394C1E-E729-4688-AD6F-D4873653927D}.Ad-Hoc|iPhone.ActiveCfg = Ad-Hoc|iPhone
		{2B394C1E-E729-4688-AD6F-D4873653927D}.Ad-Hoc|iPhone.Build.0 = Ad-Hoc|iPhone
		{2B394C1E-E729-4688-AD6F-D4873653927D}.Ad-Hoc|iPhone.Deploy.0 = Ad-Hoc|iPhone
		{2B394C1E-E729-4688-AD6F-D4873653927D}.Ad-Hoc|iPhoneSimulator.ActiveCfg = Ad-Hoc|iPhoneSimulator
		{2B394C1E-E729-4688-AD6F-D4873653927D}.Ad-Hoc|iPhoneSimulator.Build.0 = Ad-Hoc|iPhoneSimulator
		{2B394C1E-E729-4688-AD6F-D4873653927D}.Ad-Hoc|iPhoneSimulator.Deploy.0 = Ad-Hoc|iPhoneSimulator
		{2B394C1E-E729-4688-AD6F-D4873653927D}.AppStore|Any CPU.ActiveCfg = AppStore|iPhone
		{2B394C1E-E729-4688-AD6F-D4873653927D}.AppStore|Any CPU.Build.0 = AppStore|iPhone
		{2B394C1E-E729-4688-AD6F-D4873653927D}.AppStore|Any CPU.Deploy.0 = AppStore|iPhone
		{2B394C1E-E729-4688-AD6F-D4873653927D}.AppStore|iPhone.ActiveCfg = AppStore|iPhone
		{2B394C1E-E729-4688-AD6F-D4873653927D}.AppStore|iPhone.Build.0 = AppStore|iPhone
		{2B394C1E-E729-4688-AD6F-D4873653927D}.AppStore|iPhone.Deploy.0 = AppStore|iPhone
		{2B394C1E-E729-4688-AD6F-D4873653927D}.AppStore|iPhoneSimulator.ActiveCfg = AppStore|iPhoneSimulator
		{2B394C1E-E729-4688-AD6F-D4873653927D}.AppStore|iPhoneSimulator.Build.0 = AppStore|iPhoneSimulator
		{2B394C1E-E729-4688-AD6F-D4873653927D}.AppStore|iPhoneSimulator.Deploy.0 = AppStore|iPhoneSimulator
		{2B394C1E-E729-4688-AD6F-D4873653927D}.Debug|Any CPU.ActiveCfg = Debug|iPhoneSimulator
		{2B394C1E-E729-4688-AD6F-D4873653927D}.Debug|Any CPU.Build.0 = Debug|iPhoneSimulator
		{2B394C1E-E729-4688-AD6F-D4873653927D}.Debug|Any CPU.Deploy.0 = Debug|iPhoneSimulator
		{2B394C1E-E729-4688-AD6F-D4873653927D}.Debug|iPhone.ActiveCfg = Debug|iPhone
		{2B394C1E-E729-4688-AD6F-D4873653927D}.Debug|iPhone.Build.0 = Debug|iPhone
		{2B394C1E-E729-4688-AD6F-D4873653927D}.Debug|iPhone.Deploy.0 = Debug|iPhone
		{2B394C1E-E729-4688-AD6F-D4873653927D}.Debug|iPhoneSimulator.ActiveCfg = Debug|iPhoneSimulator
		{2B394C1E-E729-4688-AD6F-D4873653927D}.Debug|iPhoneSimulator.Build.0 = Debug|iPhoneSimulator
		{2B394C1E-E729-4688-AD6F-D4873653927D}.Debug|iPhoneSimulator.Deploy.0 = Debug|iPhoneSimulator
		{2B394C1E-E729-4688-AD6F-D4873653927D}.Release|Any CPU.ActiveCfg = Release|iPhone
		{2B394C1E-E729-4688-AD6F-D4873653927D}.Release|Any CPU.Build.0 = Release|iPhone
		{2B394C1E-E729-4688-AD6F-D4873653927D}.Release|Any CPU.Deploy.0 = Release|iPhone
		{2B394C1E-E729-4688-AD6F-D4873653927D}.Release|iPhone.ActiveCfg = Release|iPhone
		{2B394C1E-E729-4688-AD6F-D4873653927D}.Release|iPhone.Build.0 = Release|iPhone
		{2B394C1E-E729-4688-AD6F-D4873653927D}.Release|iPhone.Deploy.0 = Release|iPhone
		{2B394C1E-E729-4688-AD6F-D4873653927D}.Release|iPhoneSimulator.ActiveCfg = Release|iPhoneSimulator
		{2B394C1E-E729-4688-AD6F-D4873653927D}.Release|iPhoneSimulator.Build.0 = Release|iPhoneSimulator
		{2B394C1E-E729-4688-AD6F-D4873653927D}.Release|iPhoneSimulator.Deploy.0 = Release|iPhoneSimulator
		{C51A2EA4-88DA-4DFE-929B-A4F01CD83103}.Ad-Hoc|Any CPU.ActiveCfg = Debug|Any CPU
		{C51A2EA4-88DA-4DFE-929B-A4F01CD83103}.Ad-Hoc|Any CPU.Build.0 = Debug|Any CPU
		{C51A2EA4-88DA-4DFE-929B-A4F01CD83103}.Ad-Hoc|Any CPU.Deploy.0 = Debug|Any CPU
		{C51A2EA4-88DA-4DFE-929B-A4F01CD83103}.Ad-Hoc|iPhone.ActiveCfg = Debug|Any CPU
		{C51A2EA4-88DA-4DFE-929B-A4F01CD83103}.Ad-Hoc|iPhone.Build.0 = Debug|Any CPU
		{C51A2EA4-88DA-4DFE-929B-A4F01CD83103}.Ad-Hoc|iPhone.Deploy.0 = Debug|Any CPU
		{C51A2EA4-88DA-4DFE-929B-A4F01CD83103}.Ad-Hoc|iPhoneSimulator.ActiveCfg = Debug|Any CPU
		{C51A2EA4-88DA-4DFE-929B-A4F01CD83103}.Ad-Hoc|iPhoneSimulator.Build.0 = Debug|Any CPU
		{C51A2EA4-88DA-4DFE-929B-A4F01CD83103}.Ad-Hoc|iPhoneSimulator.Deploy.0 = Debug|Any CPU
		{C51A2EA4-88DA-4DFE-929B-A4F01CD83103}.AppStore|Any CPU.ActiveCfg = Debug|Any CPU
		{C51A2EA4-88DA-4DFE-929B-A4F01CD83103}.AppStore|Any CPU.Build.0 = Debug|Any CPU
		{C51A2EA4-88DA-4DFE-929B-A4F01CD83103}.AppStore|Any CPU.Deploy.0 = Debug|Any CPU
		{C51A2EA4-88DA-4DFE-929B-A4F01CD83103}.AppStore|iPhone.ActiveCfg = Debug|Any CPU
		{C51A2EA4-88DA-4DFE-929B-A4F01CD83103}.AppStore|iPhone.Build.0 = Debug|Any CPU
		{C51A2EA4-88DA-4DFE-929B-A4F01CD83103}.AppStore|iPhone.Deploy.0 = Debug|Any CPU
		{C51A2EA4-88DA-4DFE-929B-A4F01CD83103}.AppStore|iPhoneSimulator.ActiveCfg = Debug|Any CPU
		{C51A2EA4-88DA-4DFE-929B-A4F01CD83103}.AppStore|iPhoneSimulator.Build.0 = Debug|Any CPU
		{C51A2EA4-88DA-4DFE-929B-A4F01CD83103}.AppStore|iPhoneSimulator.Deploy.0 = Debug|Any CPU
		{C51A2EA4-88DA-4DFE-929B-A4F01CD83103}.Debug|Any CPU.ActiveCfg = Debug|Any CPU
		{C51A2EA4-88DA-4DFE-929B-A4F01CD83103}.Debug|Any CPU.Build.0 = Debug|Any CPU
		{C51A2EA4-88DA-4DFE-929B-A4F01CD83103}.Debug|Any CPU.Deploy.0 = Debug|Any CPU
		{C51A2EA4-88DA-4DFE-929B-A4F01CD83103}.Debug|iPhone.ActiveCfg = Debug|Any CPU
		{C51A2EA4-88DA-4DFE-929B-A4F01CD83103}.Debug|iPhone.Build.0 = Debug|Any CPU
		{C51A2EA4-88DA-4DFE-929B-A4F01CD83103}.Debug|iPhone.Deploy.0 = Debug|Any CPU
		{C51A2EA4-88DA-4DFE-929B-A4F01CD83103}.Debug|iPhoneSimulator.ActiveCfg = Debug|Any CPU
		{C51A2EA4-88DA-4DFE-929B-A4F01CD83103}.Debug|iPhoneSimulator.Build.0 = Debug|Any CPU
		{C51A2EA4-88DA-4DFE-929B-A4F01CD83103}.Debug|iPhoneSimulator.Deploy.0 = Debug|Any CPU
		{C51A2EA4-88DA-4DFE-929B-A4F01CD83103}.Release|Any CPU.ActiveCfg = Release|Any CPU
		{C51A2EA4-88DA-4DFE-929B-A4F01CD83103}.Release|Any CPU.Build.0 = Release|Any CPU
		{C51A2EA4-88DA-4DFE-929B-A4F01CD83103}.Release|Any CPU.Deploy.0 = Release|Any CPU
		{C51A2EA4-88DA-4DFE-929B-A4F01CD83103}.Release|iPhone.ActiveCfg = Release|Any CPU
		{C51A2EA4-88DA-4DFE-929B-A4F01CD83103}.Release|iPhone.Build.0 = Release|Any CPU
		{C51A2EA4-88DA-4DFE-929B-A4F01CD83103}.Release|iPhone.Deploy.0 = Release|Any CPU
		{C51A2EA4-88DA-4DFE-929B-A4F01CD83103}.Release|iPhoneSimulator.ActiveCfg = Release|Any CPU
		{C51A2EA4-88DA-4DFE-929B-A4F01CD83103}.Release|iPhoneSimulator.Build.0 = Release|Any CPU
		{C51A2EA4-88DA-4DFE-929B-A4F01CD83103}.Release|iPhoneSimulator.Deploy.0 = Release|Any CPU
	EndGlobalSection
	GlobalSection(SolutionProperties) = preSolution
		HideSolutionNode = FALSE
	EndGlobalSection
	GlobalSection(ExtensibilityGlobals) = postSolution
		SolutionGuid = {02462F20-85DE-4A17-80AF-1BF84F3B919D}
	EndGlobalSection
EndGlobal
